// !$*UTF8*$!
{
	archiveVersion = 1;
	classes = {
	};
	objectVersion = 56;
	objects = {

/* Begin PBXBuildFile section */
		E65ED3C02A12E9120062DC4E /* AppDelegate.swift in Sources */ = {isa = PBXBuildFile; fileRef = E65ED3BF2A12E9120062DC4E /* AppDelegate.swift */; };
		E65ED3C22A12E9120062DC4E /* SceneDelegate.swift in Sources */ = {isa = PBXBuildFile; fileRef = E65ED3C12A12E9120062DC4E /* SceneDelegate.swift */; };
		E65ED3C42A12E9120062DC4E /* ViewController.swift in Sources */ = {isa = PBXBuildFile; fileRef = E65ED3C32A12E9120062DC4E /* ViewController.swift */; };
		E65ED3C92A12E9140062DC4E /* Assets.xcassets in Resources */ = {isa = PBXBuildFile; fileRef = E65ED3C82A12E9140062DC4E /* Assets.xcassets */; };
		E65ED3CC2A12E9140062DC4E /* LaunchScreen.storyboard in Resources */ = {isa = PBXBuildFile; fileRef = E65ED3CA2A12E9140062DC4E /* LaunchScreen.storyboard */; };
		E68845362A15653B00800802 /* BasicInfoViewController.swift in Sources */ = {isa = PBXBuildFile; fileRef = E68845352A15653B00800802 /* BasicInfoViewController.swift */; };
		E6B9A6892A18205C00F8E6BC /* Extentions.swift in Sources */ = {isa = PBXBuildFile; fileRef = E6B9A6882A18205C00F8E6BC /* Extentions.swift */; };
		E6B9A68B2A1861A000F8E6BC /* SelectPlanViewController.swift in Sources */ = {isa = PBXBuildFile; fileRef = E6B9A68A2A1861A000F8E6BC /* SelectPlanViewController.swift */; };
		E6B9A68E2A196B5000F8E6BC /* PlanCollectionViewCell.swift in Sources */ = {isa = PBXBuildFile; fileRef = E6B9A68D2A196B5000F8E6BC /* PlanCollectionViewCell.swift */; };
		E6B9A6A32A1A075F00F8E6BC /* APICalls.swift in Sources */ = {isa = PBXBuildFile; fileRef = E6B9A6A22A1A075F00F8E6BC /* APICalls.swift */; };
		E6B9A6A62A1A088100F8E6BC /* ExerciseDTO.swift in Sources */ = {isa = PBXBuildFile; fileRef = E6B9A6A52A1A088100F8E6BC /* ExerciseDTO.swift */; };
/* End PBXBuildFile section */

/* Begin PBXFileReference section */
		E65ED3BC2A12E9120062DC4E /* Fitflex.app */ = {isa = PBXFileReference; explicitFileType = wrapper.application; includeInIndex = 0; path = Fitflex.app; sourceTree = BUILT_PRODUCTS_DIR; };
		E65ED3BF2A12E9120062DC4E /* AppDelegate.swift */ = {isa = PBXFileReference; lastKnownFileType = sourcecode.swift; path = AppDelegate.swift; sourceTree = "<group>"; };
		E65ED3C12A12E9120062DC4E /* SceneDelegate.swift */ = {isa = PBXFileReference; lastKnownFileType = sourcecode.swift; path = SceneDelegate.swift; sourceTree = "<group>"; };
		E65ED3C32A12E9120062DC4E /* ViewController.swift */ = {isa = PBXFileReference; lastKnownFileType = sourcecode.swift; path = ViewController.swift; sourceTree = "<group>"; };
		E65ED3C82A12E9140062DC4E /* Assets.xcassets */ = {isa = PBXFileReference; lastKnownFileType = folder.assetcatalog; path = Assets.xcassets; sourceTree = "<group>"; };
		E65ED3CB2A12E9140062DC4E /* Base */ = {isa = PBXFileReference; lastKnownFileType = file.storyboard; name = Base; path = Base.lproj/LaunchScreen.storyboard; sourceTree = "<group>"; };
		E65ED3CD2A12E9140062DC4E /* Info.plist */ = {isa = PBXFileReference; lastKnownFileType = text.plist.xml; path = Info.plist; sourceTree = "<group>"; };
		E68845352A15653B00800802 /* BasicInfoViewController.swift */ = {isa = PBXFileReference; lastKnownFileType = sourcecode.swift; path = BasicInfoViewController.swift; sourceTree = "<group>"; };
		E6B9A6882A18205C00F8E6BC /* Extentions.swift */ = {isa = PBXFileReference; lastKnownFileType = sourcecode.swift; path = Extentions.swift; sourceTree = "<group>"; };
		E6B9A68A2A1861A000F8E6BC /* SelectPlanViewController.swift */ = {isa = PBXFileReference; lastKnownFileType = sourcecode.swift; path = SelectPlanViewController.swift; sourceTree = "<group>"; };
		E6B9A68D2A196B5000F8E6BC /* PlanCollectionViewCell.swift */ = {isa = PBXFileReference; lastKnownFileType = sourcecode.swift; path = PlanCollectionViewCell.swift; sourceTree = "<group>"; };
		E6B9A6A22A1A075F00F8E6BC /* APICalls.swift */ = {isa = PBXFileReference; lastKnownFileType = sourcecode.swift; path = APICalls.swift; sourceTree = "<group>"; };
		E6B9A6A52A1A088100F8E6BC /* ExerciseDTO.swift */ = {isa = PBXFileReference; lastKnownFileType = sourcecode.swift; path = ExerciseDTO.swift; sourceTree = "<group>"; };
/* End PBXFileReference section */

/* Begin PBXFrameworksBuildPhase section */
		E65ED3B92A12E9120062DC4E /* Frameworks */ = {
			isa = PBXFrameworksBuildPhase;
			buildActionMask = 2147483647;
			files = (
			);
			runOnlyForDeploymentPostprocessing = 0;
		};
/* End PBXFrameworksBuildPhase section */

/* Begin PBXGroup section */
		E65ED3B32A12E9120062DC4E = {
			isa = PBXGroup;
			children = (
				E65ED3BE2A12E9120062DC4E /* Fitflex */,
				E65ED3BD2A12E9120062DC4E /* Products */,
			);
			sourceTree = "<group>";
		};
		E65ED3BD2A12E9120062DC4E /* Products */ = {
			isa = PBXGroup;
			children = (
				E65ED3BC2A12E9120062DC4E /* Fitflex.app */,
			);
			name = Products;
			sourceTree = "<group>";
		};
		E65ED3BE2A12E9120062DC4E /* Fitflex */ = {
			isa = PBXGroup;
			children = (
				E6B9A6A42A1A084D00F8E6BC /* Models */,
				E6B9A68C2A196A5E00F8E6BC /* Cells */,
				E6B9A6872A18201900F8E6BC /* Helpers */,
				E65ED3BF2A12E9120062DC4E /* AppDelegate.swift */,
				E65ED3C12A12E9120062DC4E /* SceneDelegate.swift */,
				E65ED3C32A12E9120062DC4E /* ViewController.swift */,
				E65ED3C82A12E9140062DC4E /* Assets.xcassets */,
				E65ED3CA2A12E9140062DC4E /* LaunchScreen.storyboard */,
				E65ED3CD2A12E9140062DC4E /* Info.plist */,
				E68845352A15653B00800802 /* BasicInfoViewController.swift */,
				E6B9A68A2A1861A000F8E6BC /* SelectPlanViewController.swift */,
			);
			path = Fitflex;
			sourceTree = "<group>";
		};
		E6B9A6872A18201900F8E6BC /* Helpers */ = {
			isa = PBXGroup;
			children = (
				E6B9A6882A18205C00F8E6BC /* Extentions.swift */,
				E6B9A6A22A1A075F00F8E6BC /* APICalls.swift */,
			);
			path = Helpers;
			sourceTree = "<group>";
		};
		E6B9A68C2A196A5E00F8E6BC /* Cells */ = {
			isa = PBXGroup;
			children = (
				E6B9A68D2A196B5000F8E6BC /* PlanCollectionViewCell.swift */,
			);
			path = Cells;
			sourceTree = "<group>";
		};
		E6B9A6A42A1A084D00F8E6BC /* Models */ = {
			isa = PBXGroup;
			children = (
				E6B9A6A52A1A088100F8E6BC /* ExerciseDTO.swift */,
			);
			path = Models;
			sourceTree = "<group>";
		};
/* End PBXGroup section */

/* Begin PBXNativeTarget section */
		E65ED3BB2A12E9120062DC4E /* Fitflex */ = {
			isa = PBXNativeTarget;
			buildConfigurationList = E65ED3D02A12E9140062DC4E /* Build configuration list for PBXNativeTarget "Fitflex" */;
			buildPhases = (
				E65ED3B82A12E9120062DC4E /* Sources */,
				E65ED3B92A12E9120062DC4E /* Frameworks */,
				E65ED3BA2A12E9120062DC4E /* Resources */,
			);
			buildRules = (
			);
			dependencies = (
			);
			name = Fitflex;
			productName = Fitflex;
			productReference = E65ED3BC2A12E9120062DC4E /* Fitflex.app */;
			productType = "com.apple.product-type.application";
		};
/* End PBXNativeTarget section */

/* Begin PBXProject section */
		E65ED3B42A12E9120062DC4E /* Project object */ = {
			isa = PBXProject;
			attributes = {
				BuildIndependentTargetsInParallel = 1;
				LastSwiftUpdateCheck = 1420;
				LastUpgradeCheck = 1420;
				TargetAttributes = {
					E65ED3BB2A12E9120062DC4E = {
						CreatedOnToolsVersion = 14.2;
					};
				};
			};
			buildConfigurationList = E65ED3B72A12E9120062DC4E /* Build configuration list for PBXProject "Fitflex" */;
			compatibilityVersion = "Xcode 14.0";
			developmentRegion = en;
			hasScannedForEncodings = 0;
			knownRegions = (
				en,
				Base,
			);
			mainGroup = E65ED3B32A12E9120062DC4E;
			productRefGroup = E65ED3BD2A12E9120062DC4E /* Products */;
			projectDirPath = "";
			projectRoot = "";
			targets = (
				E65ED3BB2A12E9120062DC4E /* Fitflex */,
			);
		};
/* End PBXProject section */

/* Begin PBXResourcesBuildPhase section */
		E65ED3BA2A12E9120062DC4E /* Resources */ = {
			isa = PBXResourcesBuildPhase;
			buildActionMask = 2147483647;
			files = (
				E65ED3CC2A12E9140062DC4E /* LaunchScreen.storyboard in Resources */,
				E65ED3C92A12E9140062DC4E /* Assets.xcassets in Resources */,
			);
			runOnlyForDeploymentPostprocessing = 0;
		};
/* End PBXResourcesBuildPhase section */

/* Begin PBXSourcesBuildPhase section */
		E65ED3B82A12E9120062DC4E /* Sources */ = {
			isa = PBXSourcesBuildPhase;
			buildActionMask = 2147483647;
			files = (
				E65ED3C42A12E9120062DC4E /* ViewController.swift in Sources */,
				E68845362A15653B00800802 /* BasicInfoViewController.swift in Sources */,
				E6B9A6A32A1A075F00F8E6BC /* APICalls.swift in Sources */,
				E6B9A6892A18205C00F8E6BC /* Extentions.swift in Sources */,
				E65ED3C02A12E9120062DC4E /* AppDelegate.swift in Sources */,
				E6B9A6A62A1A088100F8E6BC /* ExerciseDTO.swift in Sources */,
				E65ED3C22A12E9120062DC4E /* SceneDelegate.swift in Sources */,
				E6B9A68E2A196B5000F8E6BC /* PlanCollectionViewCell.swift in Sources */,
				E6B9A68B2A1861A000F8E6BC /* SelectPlanViewController.swift in Sources */,
			);
			runOnlyForDeploymentPostprocessing = 0;
		};
/* End PBXSourcesBuildPhase section */

/* Begin PBXVariantGroup section */
		E65ED3CA2A12E9140062DC4E /* LaunchScreen.storyboard */ = {
			isa = PBXVariantGroup;
			children = (
				E65ED3CB2A12E9140062DC4E /* Base */,
			);
			name = LaunchScreen.storyboard;
			sourceTree = "<group>";
		};
/* End PBXVariantGroup section */

/* Begin XCBuildConfiguration section */
		E65ED3CE2A12E9140062DC4E /* Debug */ = {
			isa = XCBuildConfiguration;
			buildSettings = {
				ALWAYS_SEARCH_USER_PATHS = NO;
				CLANG_ANALYZER_NONNULL = YES;
				CLANG_ANALYZER_NUMBER_OBJECT_CONVERSION = YES_AGGRESSIVE;
				CLANG_CXX_LANGUAGE_STANDARD = "gnu++20";
				CLANG_ENABLE_MODULES = YES;
				CLANG_ENABLE_OBJC_ARC = YES;
				CLANG_ENABLE_OBJC_WEAK = YES;
				CLANG_WARN_BLOCK_CAPTURE_AUTORELEASING = YES;
				CLANG_WARN_BOOL_CONVERSION = YES;
				CLANG_WARN_COMMA = YES;
				CLANG_WARN_CONSTANT_CONVERSION = YES;
				CLANG_WARN_DEPRECATED_OBJC_IMPLEMENTATIONS = YES;
				CLANG_WARN_DIRECT_OBJC_ISA_USAGE = YES_ERROR;
				CLANG_WARN_DOCUMENTATION_COMMENTS = YES;
				CLANG_WARN_EMPTY_BODY = YES;
				CLANG_WARN_ENUM_CONVERSION = YES;
				CLANG_WARN_INFINITE_RECURSION = YES;
				CLANG_WARN_INT_CONVERSION = YES;
				CLANG_WARN_NON_LITERAL_NULL_CONVERSION = YES;
				CLANG_WARN_OBJC_IMPLICIT_RETAIN_SELF = YES;
				CLANG_WARN_OBJC_LITERAL_CONVERSION = YES;
				CLANG_WARN_OBJC_ROOT_CLASS = YES_ERROR;
				CLANG_WARN_QUOTED_INCLUDE_IN_FRAMEWORK_HEADER = YES;
				CLANG_WARN_RANGE_LOOP_ANALYSIS = YES;
				CLANG_WARN_STRICT_PROTOTYPES = YES;
				CLANG_WARN_SUSPICIOUS_MOVE = YES;
				CLANG_WARN_UNGUARDED_AVAILABILITY = YES_AGGRESSIVE;
				CLANG_WARN_UNREACHABLE_CODE = YES;
				CLANG_WARN__DUPLICATE_METHOD_MATCH = YES;
				COPY_PHASE_STRIP = NO;
				DEBUG_INFORMATION_FORMAT = dwarf;
				ENABLE_STRICT_OBJC_MSGSEND = YES;
				ENABLE_TESTABILITY = YES;
				GCC_C_LANGUAGE_STANDARD = gnu11;
				GCC_DYNAMIC_NO_PIC = NO;
				GCC_NO_COMMON_BLOCKS = YES;
				GCC_OPTIMIZATION_LEVEL = 0;
				GCC_PREPROCESSOR_DEFINITIONS = (
					"DEBUG=1",
					"$(inherited)",
				);
				GCC_WARN_64_TO_32_BIT_CONVERSION = YES;
				GCC_WARN_ABOUT_RETURN_TYPE = YES_ERROR;
				GCC_WARN_UNDECLARED_SELECTOR = YES;
				GCC_WARN_UNINITIALIZED_AUTOS = YES_AGGRESSIVE;
				GCC_WARN_UNUSED_FUNCTION = YES;
				GCC_WARN_UNUSED_VARIABLE = YES;
				IPHONEOS_DEPLOYMENT_TARGET = 16.2;
				MTL_ENABLE_DEBUG_INFO = INCLUDE_SOURCE;
				MTL_FAST_MATH = YES;
				ONLY_ACTIVE_ARCH = YES;
				SDKROOT = iphoneos;
				SWIFT_ACTIVE_COMPILATION_CONDITIONS = DEBUG;
				SWIFT_OPTIMIZATION_LEVEL = "-Onone";
			};
			name = Debug;
		};
		E65ED3CF2A12E9140062DC4E /* Release */ = {
			isa = XCBuildConfiguration;
			buildSettings = {
				ALWAYS_SEARCH_USER_PATHS = NO;
				CLANG_ANALYZER_NONNULL = YES;
				CLANG_ANALYZER_NUMBER_OBJECT_CONVERSION = YES_AGGRESSIVE;
				CLANG_CXX_LANGUAGE_STANDARD = "gnu++20";
				CLANG_ENABLE_MODULES = YES;
				CLANG_ENABLE_OBJC_ARC = YES;
				CLANG_ENABLE_OBJC_WEAK = YES;
				CLANG_WARN_BLOCK_CAPTURE_AUTORELEASING = YES;
				CLANG_WARN_BOOL_CONVERSION = YES;
				CLANG_WARN_COMMA = YES;
				CLANG_WARN_CONSTANT_CONVERSION = YES;
				CLANG_WARN_DEPRECATED_OBJC_IMPLEMENTATIONS = YES;
				CLANG_WARN_DIRECT_OBJC_ISA_USAGE = YES_ERROR;
				CLANG_WARN_DOCUMENTATION_COMMENTS = YES;
				CLANG_WARN_EMPTY_BODY = YES;
				CLANG_WARN_ENUM_CONVERSION = YES;
				CLANG_WARN_INFINITE_RECURSION = YES;
				CLANG_WARN_INT_CONVERSION = YES;
				CLANG_WARN_NON_LITERAL_NULL_CONVERSION = YES;
				CLANG_WARN_OBJC_IMPLICIT_RETAIN_SELF = YES;
				CLANG_WARN_OBJC_LITERAL_CONVERSION = YES;
				CLANG_WARN_OBJC_ROOT_CLASS = YES_ERROR;
				CLANG_WARN_QUOTED_INCLUDE_IN_FRAMEWORK_HEADER = YES;
				CLANG_WARN_RANGE_LOOP_ANALYSIS = YES;
				CLANG_WARN_STRICT_PROTOTYPES = YES;
				CLANG_WARN_SUSPICIOUS_MOVE = YES;
				CLANG_WARN_UNGUARDED_AVAILABILITY = YES_AGGRESSIVE;
				CLANG_WARN_UNREACHABLE_CODE = YES;
				CLANG_WARN__DUPLICATE_METHOD_MATCH = YES;
				COPY_PHASE_STRIP = NO;
				DEBUG_INFORMATION_FORMAT = "dwarf-with-dsym";
				ENABLE_NS_ASSERTIONS = NO;
				ENABLE_STRICT_OBJC_MSGSEND = YES;
				GCC_C_LANGUAGE_STANDARD = gnu11;
				GCC_NO_COMMON_BLOCKS = YES;
				GCC_WARN_64_TO_32_BIT_CONVERSION = YES;
				GCC_WARN_ABOUT_RETURN_TYPE = YES_ERROR;
				GCC_WARN_UNDECLARED_SELECTOR = YES;
				GCC_WARN_UNINITIALIZED_AUTOS = YES_AGGRESSIVE;
				GCC_WARN_UNUSED_FUNCTION = YES;
				GCC_WARN_UNUSED_VARIABLE = YES;
				IPHONEOS_DEPLOYMENT_TARGET = 16.2;
				MTL_ENABLE_DEBUG_INFO = NO;
				MTL_FAST_MATH = YES;
				SDKROOT = iphoneos;
				SWIFT_COMPILATION_MODE = wholemodule;
				SWIFT_OPTIMIZATION_LEVEL = "-O";
				VALIDATE_PRODUCT = YES;
			};
			name = Release;
		};
		E65ED3D12A12E9140062DC4E /* Debug */ = {
			isa = XCBuildConfiguration;
			buildSettings = {
				ASSETCATALOG_COMPILER_APPICON_NAME = AppIcon;
				ASSETCATALOG_COMPILER_GLOBAL_ACCENT_COLOR_NAME = AccentColor;
				CODE_SIGN_STYLE = Automatic;
				CURRENT_PROJECT_VERSION = 1;
				GENERATE_INFOPLIST_FILE = YES;
				INFOPLIST_FILE = Fitflex/Info.plist;
				INFOPLIST_KEY_UIApplicationSupportsIndirectInputEvents = YES;
				INFOPLIST_KEY_UILaunchStoryboardName = LaunchScreen;
				INFOPLIST_KEY_UISupportedInterfaceOrientations = UIInterfaceOrientationPortrait;
				LD_RUNPATH_SEARCH_PATHS = (
					"$(inherited)",
					"@executable_path/Frameworks",
				);
				MARKETING_VERSION = 1.0;
				PRODUCT_BUNDLE_IDENTIFIER = "Sachini-Perera.Fitflex";
				PRODUCT_NAME = "$(TARGET_NAME)";
				SWIFT_EMIT_LOC_STRINGS = YES;
				SWIFT_VERSION = 5.0;
				TARGETED_DEVICE_FAMILY = "1,2";
			};
			name = Debug;
		};
		E65ED3D22A12E9140062DC4E /* Release */ = {
			isa = XCBuildConfiguration;
			buildSettings = {
				ASSETCATALOG_COMPILER_APPICON_NAME = AppIcon;
				ASSETCATALOG_COMPILER_GLOBAL_ACCENT_COLOR_NAME = AccentColor;
				CODE_SIGN_STYLE = Automatic;
				CURRENT_PROJECT_VERSION = 1;
				GENERATE_INFOPLIST_FILE = YES;
				INFOPLIST_FILE = Fitflex/Info.plist;
				INFOPLIST_KEY_UIApplicationSupportsIndirectInputEvents = YES;
				INFOPLIST_KEY_UILaunchStoryboardName = LaunchScreen;
				INFOPLIST_KEY_UISupportedInterfaceOrientations = UIInterfaceOrientationPortrait;
				LD_RUNPATH_SEARCH_PATHS = (
					"$(inherited)",
					"@executable_path/Frameworks",
				);
				MARKETING_VERSION = 1.0;
				PRODUCT_BUNDLE_IDENTIFIER = "Sachini-Perera.Fitflex";
				PRODUCT_NAME = "$(TARGET_NAME)";
				SWIFT_EMIT_LOC_STRINGS = YES;
				SWIFT_VERSION = 5.0;
				TARGETED_DEVICE_FAMILY = "1,2";
			};
			name = Release;
		};
/* End XCBuildConfiguration section */

/* Begin XCConfigurationList section */
		E65ED3B72A12E9120062DC4E /* Build configuration list for PBXProject "Fitflex" */ = {
			isa = XCConfigurationList;
			buildConfigurations = (
				E65ED3CE2A12E9140062DC4E /* Debug */,
				E65ED3CF2A12E9140062DC4E /* Release */,
			);
			defaultConfigurationIsVisible = 0;
			defaultConfigurationName = Release;
		};
		E65ED3D02A12E9140062DC4E /* Build configuration list for PBXNativeTarget "Fitflex" */ = {
			isa = XCConfigurationList;
			buildConfigurations = (
				E65ED3D12A12E9140062DC4E /* Debug */,
				E65ED3D22A12E9140062DC4E /* Release */,
			);
			defaultConfigurationIsVisible = 0;
			defaultConfigurationName = Release;
		};
/* End XCConfigurationList section */
	};
	rootObject = E65ED3B42A12E9120062DC4E /* Project object */;
}
